{
  "requires": true,
  "lockfileVersion": 1,
  "dependencies": {
    "esbuild": {
      "version": "0.8.31",
      "resolved": "https://registry.npmjs.org/esbuild/-/esbuild-0.8.31.tgz",
      "integrity": "sha512-7EIU0VdUxltwivjVezX3HgeNzeIVR1snkrAo57WdUnuBMykdzin5rTrxwCDM6xQqj0RL/HjOEm3wFr2ijHKeaA==",
      "dev": true
    },
    "fsevents": {
      "version": "2.3.1",
      "resolved": "https://registry.npmjs.org/fsevents/-/fsevents-2.3.1.tgz",
      "integrity": "sha512-YR47Eg4hChJGAB1O3yEAOkGO+rlzutoICGqGo9EZ4lKWokzZRSyIW1QmTzqjtw8MJdj9srP869CuWw/hyzSiBw==",
      "dev": true,
      "optional": true
    },
    "snowpack": {
      "version": "3.0.5",
      "resolved": "https://registry.npmjs.org/snowpack/-/snowpack-3.0.5.tgz",
      "integrity": "sha512-r/BYmc8EjBR+TTO0RCgm1+P8WLC/YOqKj9TldW5w2GWf27NsvZtYvDLmbi1N9krLFDClL9BJKsMNydeJjP4PvA==",
      "dev": true,
      "requires": {
        "esbuild": "^0.8.7",
        "fsevents": "^2.2.0"
      }
    }
  }
}
