# THIS IS AN AUTOGENERATED FILE. DO NOT EDIT THIS FILE DIRECTLY.
# yarn lockfile v1


"@snowpack/plugin-svelte@^3.5.0":
  version "3.5.0"
  resolved "https://registry.yarnpkg.com/@snowpack/plugin-svelte/-/plugin-svelte-3.5.0.tgz#c23a9e2d0cb68609462f8ca78e11befc5a7e8399"
  integrity sha512-9Fn1CbHviNjTKacURqRE6yjQ/s1igxtgEgkC1pKIz/lGk4I7mBNQdcBN5TVqCGRmxPh1fC/AnMR0VKQWWndxhw==
  dependencies:
    rollup-plugin-svelte "^7.0.0"
    svelte-hmr "^0.12.1"
    svelte-preprocess "^4.6.0"

"@types/node@*":
  version "14.14.20"
  resolved "https://registry.yarnpkg.com/@types/node/-/node-14.14.20.tgz#f7974863edd21d1f8a494a73e8e2b3658615c340"
  integrity sha512-Y93R97Ouif9JEOWPIUyU+eyIdyRqQR0I8Ez1dzku4hDx34NWh4HbtIc3WNzwB1Y9ULvNGeu5B8h8bVL5cAk4/A==

"@types/pug@^2.0.4":
  version "2.0.4"
  resolved "https://registry.yarnpkg.com/@types/pug/-/pug-2.0.4.tgz#8772fcd0418e3cd2cc171555d73007415051f4b2"
  integrity sha1-h3L80EGOPNLMFxVV1zAHQVBR9LI=

"@types/sass@^1.16.0":
  version "1.16.0"
  resolved "https://registry.yarnpkg.com/@types/sass/-/sass-1.16.0.tgz#b41ac1c17fa68ffb57d43e2360486ef526b3d57d"
  integrity sha512-2XZovu4NwcqmtZtsBR5XYLw18T8cBCnU2USFHTnYLLHz9fkhnoEMoDsqShJIOFsFhn5aJHjweiUUdTrDGujegA==
  dependencies:
    "@types/node" "*"

detect-indent@^6.0.0:
  version "6.0.0"
  resolved "https://registry.yarnpkg.com/detect-indent/-/detect-indent-6.0.0.tgz#0abd0f549f69fc6659a254fe96786186b6f528fd"
  integrity sha512-oSyFlqaTHCItVRGK5RmrmjB+CmaMOW7IaNA/kdxqhoa6d17j/5ce9O9eWXmV/KEdRwqpQA+Vqe8a8Bsybu4YnA==

esbuild@^0.8.7:
  version "0.8.31"
  resolved "https://registry.yarnpkg.com/esbuild/-/esbuild-0.8.31.tgz#c21e7adb3ad283c951a53de7ad64a5ae2df2ed34"
  integrity sha512-7EIU0VdUxltwivjVezX3HgeNzeIVR1snkrAo57WdUnuBMykdzin5rTrxwCDM6xQqj0RL/HjOEm3wFr2ijHKeaA==

estree-walker@^0.6.1:
  version "0.6.1"
  resolved "https://registry.yarnpkg.com/estree-walker/-/estree-walker-0.6.1.tgz#53049143f40c6eb918b23671d1fe3219f3a1b362"
  integrity sha512-SqmZANLWS0mnatqbSfRP5g8OXZC12Fgg1IwNtLsyHDzJizORW4khDfjPqJZsemPWBB2uqykUah5YpQ6epsqC/w==

fsevents@^2.2.0:
  version "2.3.1"
  resolved "https://registry.yarnpkg.com/fsevents/-/fsevents-2.3.1.tgz#b209ab14c61012636c8863507edf7fb68cc54e9f"
  integrity sha512-YR47Eg4hChJGAB1O3yEAOkGO+rlzutoICGqGo9EZ4lKWokzZRSyIW1QmTzqjtw8MJdj9srP869CuWw/hyzSiBw==

min-indent@^1.0.0:
  version "1.0.1"
  resolved "https://registry.yarnpkg.com/min-indent/-/min-indent-1.0.1.tgz#a63f681673b30571fbe8bc25686ae746eefa9869"
  integrity sha512-I9jwMn07Sy/IwOj3zVkVik2JTvgpaykDZEigL6Rx6N9LbMywwUSMtxET+7lVoDLLd3O3IXwJwvuuns8UB/HeAg==

require-relative@^0.8.7:
  version "0.8.7"
  resolved "https://registry.yarnpkg.com/require-relative/-/require-relative-0.8.7.tgz#7999539fc9e047a37928fa196f8e1563dabd36de"
  integrity sha1-eZlTn8ngR6N5KPoZb44VY9q9Nt4=

rollup-plugin-svelte@^7.0.0:
  version "7.0.0"
  resolved "https://registry.yarnpkg.com/rollup-plugin-svelte/-/rollup-plugin-svelte-7.0.0.tgz#8ececb9d1583c24e0edfbc96f8208b70b27af7a1"
  integrity sha512-cw4yv/5v1NQV3nPbpOJtikgkB+9mfSJaqKUdq7x5fVQJnwLtcdc2JOszBs5pBY+SemTs5pmJbdEMseEavbUtjQ==
  dependencies:
    require-relative "^0.8.7"
    rollup-pluginutils "^2.8.2"

rollup-pluginutils@^2.8.2:
  version "2.8.2"
  resolved "https://registry.yarnpkg.com/rollup-pluginutils/-/rollup-pluginutils-2.8.2.tgz#72f2af0748b592364dbd3389e600e5a9444a351e"
  integrity sha512-EEp9NhnUkwY8aif6bxgovPHMoMoNr2FulJziTndpt5H9RdwC47GSGuII9XxpSdzVGM0GWrNPHV6ie1LTNJPaLQ==
  dependencies:
    estree-walker "^0.6.1"

snowpack@^3.0.1:
  version "3.0.5"
  resolved "https://registry.yarnpkg.com/snowpack/-/snowpack-3.0.5.tgz#e135fc4e03e67ec27c243e534b02668743823643"
  integrity sha512-r/BYmc8EjBR+TTO0RCgm1+P8WLC/YOqKj9TldW5w2GWf27NsvZtYvDLmbi1N9krLFDClL9BJKsMNydeJjP4PvA==
  dependencies:
    esbuild "^0.8.7"
  optionalDependencies:
    fsevents "^2.2.0"

strip-indent@^3.0.0:
  version "3.0.0"
  resolved "https://registry.yarnpkg.com/strip-indent/-/strip-indent-3.0.0.tgz#c32e1cee940b6b3432c771bc2c54bcce73cd3001"
  integrity sha512-laJTa3Jb+VQpaC6DseHhF7dXVqHTfJPCRDaEbid/drOhgitgYku/letMUqOXFoWV0zIIUbjpdH2t+tYj4bQMRQ==
  dependencies:
    min-indent "^1.0.0"

svelte-hmr@^0.12.1:
  version "0.12.2"
  resolved "https://registry.yarnpkg.com/svelte-hmr/-/svelte-hmr-0.12.2.tgz#689df7681f0461e7a2539b3fad1336ee1da84751"
  integrity sha512-86fpj4Wjno7OREJsGxQwpVBtB3kmiKWwpOlvdZmfBZYankpL38lcVtAi1zvQXXcN4g8pRXUG68khwp6dYRwpYg==

svelte-preprocess@^4.6.0:
  version "4.6.1"
  resolved "https://registry.yarnpkg.com/svelte-preprocess/-/svelte-preprocess-4.6.1.tgz#a7de4d91b32d5608b6637da960ee81e6089ae276"
  integrity sha512-s7KdhR2pOsffyOzZIMEb315f6pfgeDnOWN47m6YKFeSEx3NMf/79Znc3vuG/Ai79SL/vsi86WDrjFPLGRfDesg==
  dependencies:
    "@types/pug" "^2.0.4"
    "@types/sass" "^1.16.0"
    detect-indent "^6.0.0"
    strip-indent "^3.0.0"

svelte@^3.31.2:
  version "3.31.2"
  resolved "https://registry.yarnpkg.com/svelte/-/svelte-3.31.2.tgz#d2ddf6cacbb95e4cc3796207510b660a25586324"
  integrity sha512-TxZGrXzX2ggFH3BIKY5fmbeMdJuZrMIMDYPMX6R9255bueuYIuVaBQSLUeY2oD7W4IdeqRZiAVGCjDw2POKBRA==
